
Microsoft Visual Studio Solution File, Format Version 12.00
# Visual Studio Version 16
VisualStudioVersion = 16.0.30621.155
MinimumVisualStudioVersion = 10.0.40219.1
Project("{FAE04EC0-301F-11D3-BF4B-00C04F79EFBC}") = "BBB.Main", "BBB.Main\BBB.Main.csproj", "{E466C0C3-C273-4A0A-AF41-D9F7F67038E1}"
EndProject
Project("{FAE04EC0-301F-11D3-BF4B-00C04F79EFBC}") = "BBB.Data", "BBB.Data\BBB.Data.csproj", "{66290F31-C2CF-4A2E-8B10-EC1BA87CA01B}"
EndProject
Global
	GlobalSection(SolutionConfigurationPlatforms) = preSolution
		Debug|Any CPU = Debug|Any CPU
		Release|Any CPU = Release|Any CPU
	EndGlobalSection
	GlobalSection(ProjectConfigurationPlatforms) = postSolution
		{E466C0C3-C273-4A0A-AF41-D9F7F67038E1}.Debug|Any CPU.ActiveCfg = Debug|Any CPU
		{E466C0C3-C273-4A0A-AF41-D9F7F67038E1}.Debug|Any CPU.Build.0 = Debug|Any CPU
		{E466C0C3-C273-4A0A-AF41-D9F7F67038E1}.Release|Any CPU.ActiveCfg = Release|Any CPU
		{E466C0C3-C273-4A0A-AF41-D9F7F67038E1}.Release|Any CPU.Build.0 = Release|Any CPU
		{66290F31-C2CF-4A2E-8B10-EC1BA87CA01B}.Debug|Any CPU.ActiveCfg = Debug|Any CPU
		{66290F31-C2CF-4A2E-8B10-EC1BA87CA01B}.Debug|Any CPU.Build.0 = Debug|Any CPU
		{66290F31-C2CF-4A2E-8B10-EC1BA87CA01B}.Release|Any CPU.ActiveCfg = Release|Any CPU
		{66290F31-C2CF-4A2E-8B10-EC1BA87CA01B}.Release|Any CPU.Build.0 = Release|Any CPU
	EndGlobalSection
	GlobalSection(SolutionProperties) = preSolution
		HideSolutionNode = FALSE
	EndGlobalSection
	GlobalSection(ExtensibilityGlobals) = postSolution
		SolutionGuid = {C1280629-C552-49A5-BD4B-8801F0423B6B}
	EndGlobalSection
EndGlobal
